
Microsoft Visual Studio Solution File, Format Version 12.00
# Visual Studio Version 17
VisualStudioVersion = 17.12.35707.178 d17.12
MinimumVisualStudioVersion = 10.0.40219.1
Project("{FAE04EC0-301F-11D3-BF4B-00C04F79EFBC}") = "FactoryPattern", "FactoryPattern\FactoryPattern.csproj", "{EBAB2907-C30C-4E28-97A1-D9E7DA62F74A}"
EndProject
Global
	GlobalSection(SolutionConfigurationPlatforms) = preSolution
		Debug|Any CPU = Debug|Any CPU
		Release|Any CPU = Release|Any CPU
	EndGlobalSection
	GlobalSection(ProjectConfigurationPlatforms) = postSolution
		{EBAB2907-C30C-4E28-97A1-D9E7DA62F74A}.Debug|Any CPU.ActiveCfg = Debug|Any CPU
		{EBAB2907-C30C-4E28-97A1-D9E7DA62F74A}.Debug|Any CPU.Build.0 = Debug|Any CPU
		{EBAB2907-C30C-4E28-97A1-D9E7DA62F74A}.Release|Any CPU.ActiveCfg = Release|Any CPU
		{EBAB2907-C30C-4E28-97A1-D9E7DA62F74A}.Release|Any CPU.Build.0 = Release|Any CPU
	EndGlobalSection
	GlobalSection(SolutionProperties) = preSolution
		HideSolutionNode = FALSE
	EndGlobalSection
EndGlobal
